// !$*UTF8*$!
{
	archiveVersion = 1;
	classes = {
	};
	objectVersion = 56;
	objects = {

/* Begin PBXBuildFile section */
		0FFBCA3DC337AA49B152332E /* Pods_add_to_app_test2.framework in Frameworks */ = {isa = PBXBuildFile; fileRef = FC127E172A2E79F660B4362A /* Pods_add_to_app_test2.framework */; };
		2691665D28D956210036C284 /* AppDelegate.swift in Sources */ = {isa = PBXBuildFile; fileRef = 2691665C28D956210036C284 /* AppDelegate.swift */; };
		2691665F28D956210036C284 /* SceneDelegate.swift in Sources */ = {isa = PBXBuildFile; fileRef = 2691665E28D956210036C284 /* SceneDelegate.swift */; };
		2691666128D956210036C284 /* ViewController.swift in Sources */ = {isa = PBXBuildFile; fileRef = 2691666028D956210036C284 /* ViewController.swift */; };
		2691666428D956210036C284 /* Main.storyboard in Resources */ = {isa = PBXBuildFile; fileRef = 2691666228D956210036C284 /* Main.storyboard */; };
		2691666628D956210036C284 /* Assets.xcassets in Resources */ = {isa = PBXBuildFile; fileRef = 2691666528D956210036C284 /* Assets.xcassets */; };
		2691666928D956210036C284 /* LaunchScreen.storyboard in Resources */ = {isa = PBXBuildFile; fileRef = 2691666728D956210036C284 /* LaunchScreen.storyboard */; };
		2691667528D992600036C284 /* NativeViewController.swift in Sources */ = {isa = PBXBuildFile; fileRef = 2691667428D992600036C284 /* NativeViewController.swift */; };
		2691667728D99AD40036C284 /* api.swift in Sources */ = {isa = PBXBuildFile; fileRef = 2691667628D99AD40036C284 /* api.swift */; };
		2691667928D9AA210036C284 /* Appdelegate+api.swift in Sources */ = {isa = PBXBuildFile; fileRef = 2691667828D9AA210036C284 /* Appdelegate+api.swift */; };
/* End PBXBuildFile section */

/* Begin PBXFileReference section */
		2691665928D956210036C284 /* add_to_app_test2.app */ = {isa = PBXFileReference; explicitFileType = wrapper.application; includeInIndex = 0; path = add_to_app_test2.app; sourceTree = BUILT_PRODUCTS_DIR; };
		2691665C28D956210036C284 /* AppDelegate.swift */ = {isa = PBXFileReference; lastKnownFileType = sourcecode.swift; path = AppDelegate.swift; sourceTree = "<group>"; };
		2691665E28D956210036C284 /* SceneDelegate.swift */ = {isa = PBXFileReference; lastKnownFileType = sourcecode.swift; path = SceneDelegate.swift; sourceTree = "<group>"; };
		2691666028D956210036C284 /* ViewController.swift */ = {isa = PBXFileReference; lastKnownFileType = sourcecode.swift; path = ViewController.swift; sourceTree = "<group>"; };
		2691666328D956210036C284 /* Base */ = {isa = PBXFileReference; lastKnownFileType = file.storyboard; name = Base; path = Base.lproj/Main.storyboard; sourceTree = "<group>"; };
		2691666528D956210036C284 /* Assets.xcassets */ = {isa = PBXFileReference; lastKnownFileType = folder.assetcatalog; path = Assets.xcassets; sourceTree = "<group>"; };
		2691666828D956210036C284 /* Base */ = {isa = PBXFileReference; lastKnownFileType = file.storyboard; name = Base; path = Base.lproj/LaunchScreen.storyboard; sourceTree = "<group>"; };
		2691667028D9632B0036C284 /* Info-Debug.plist */ = {isa = PBXFileReference; fileEncoding = 4; lastKnownFileType = text.plist.xml; path = "Info-Debug.plist"; sourceTree = "<group>"; };
		2691667128D9632B0036C284 /* Info-Release.plist */ = {isa = PBXFileReference; fileEncoding = 4; lastKnownFileType = text.plist.xml; path = "Info-Release.plist"; sourceTree = "<group>"; };
		2691667428D992600036C284 /* NativeViewController.swift */ = {isa = PBXFileReference; lastKnownFileType = sourcecode.swift; path = NativeViewController.swift; sourceTree = "<group>"; };
		2691667628D99AD40036C284 /* api.swift */ = {isa = PBXFileReference; fileEncoding = 4; lastKnownFileType = sourcecode.swift; path = api.swift; sourceTree = "<group>"; };
		2691667828D9AA210036C284 /* Appdelegate+api.swift */ = {isa = PBXFileReference; lastKnownFileType = sourcecode.swift; path = "Appdelegate+api.swift"; sourceTree = "<group>"; };
		BEBD2E7F83EA11EF53CB7318 /* Pods-add_to_app_test2.debug.xcconfig */ = {isa = PBXFileReference; includeInIndex = 1; lastKnownFileType = text.xcconfig; name = "Pods-add_to_app_test2.debug.xcconfig"; path = "Target Support Files/Pods-add_to_app_test2/Pods-add_to_app_test2.debug.xcconfig"; sourceTree = "<group>"; };
		F20AA9588A6D706998E67EA2 /* Pods-add_to_app_test2.release.xcconfig */ = {isa = PBXFileReference; includeInIndex = 1; lastKnownFileType = text.xcconfig; name = "Pods-add_to_app_test2.release.xcconfig"; path = "Target Support Files/Pods-add_to_app_test2/Pods-add_to_app_test2.release.xcconfig"; sourceTree = "<group>"; };
		FC127E172A2E79F660B4362A /* Pods_add_to_app_test2.framework */ = {isa = PBXFileReference; explicitFileType = wrapper.framework; includeInIndex = 0; path = Pods_add_to_app_test2.framework; sourceTree = BUILT_PRODUCTS_DIR; };
/* End PBXFileReference section */

/* Begin PBXFrameworksBuildPhase section */
		2691665628D956210036C284 /* Frameworks */ = {
			isa = PBXFrameworksBuildPhase;
			buildActionMask = 2147483647;
			files = (
				0FFBCA3DC337AA49B152332E /* Pods_add_to_app_test2.framework in Frameworks */,
			);
			runOnlyForDeploymentPostprocessing = 0;
		};
/* End PBXFrameworksBuildPhase section */

/* Begin PBXGroup section */
		2691665028D956210036C284 = {
			isa = PBXGroup;
			children = (
				2691665B28D956210036C284 /* add_to_app_test2 */,
				2691665A28D956210036C284 /* Products */,
				511AB5F43A89F3A509EE1CFA /* Pods */,
				927A2C7797800DBD0F824E65 /* Frameworks */,
			);
			sourceTree = "<group>";
		};
		2691665A28D956210036C284 /* Products */ = {
			isa = PBXGroup;
			children = (
				2691665928D956210036C284 /* add_to_app_test2.app */,
			);
			name = Products;
			sourceTree = "<group>";
		};
		2691665B28D956210036C284 /* add_to_app_test2 */ = {
			isa = PBXGroup;
			children = (
				2691667628D99AD40036C284 /* api.swift */,
				2691665C28D956210036C284 /* AppDelegate.swift */,
				2691665E28D956210036C284 /* SceneDelegate.swift */,
				2691666028D956210036C284 /* ViewController.swift */,
				2691667428D992600036C284 /* NativeViewController.swift */,
				2691667828D9AA210036C284 /* Appdelegate+api.swift */,
				2691666228D956210036C284 /* Main.storyboard */,
				2691666528D956210036C284 /* Assets.xcassets */,
				2691666728D956210036C284 /* LaunchScreen.storyboard */,
				2691667028D9632B0036C284 /* Info-Debug.plist */,
				2691667128D9632B0036C284 /* Info-Release.plist */,
			);
			path = add_to_app_test2;
			sourceTree = "<group>";
		};
		511AB5F43A89F3A509EE1CFA /* Pods */ = {
			isa = PBXGroup;
			children = (
				BEBD2E7F83EA11EF53CB7318 /* Pods-add_to_app_test2.debug.xcconfig */,
				F20AA9588A6D706998E67EA2 /* Pods-add_to_app_test2.release.xcconfig */,
			);
			path = Pods;
			sourceTree = "<group>";
		};
		927A2C7797800DBD0F824E65 /* Frameworks */ = {
			isa = PBXGroup;
			children = (
				FC127E172A2E79F660B4362A /* Pods_add_to_app_test2.framework */,
			);
			name = Frameworks;
			sourceTree = "<group>";
		};
/* End PBXGroup section */

/* Begin PBXNativeTarget section */
		2691665828D956210036C284 /* add_to_app_test2 */ = {
			isa = PBXNativeTarget;
			buildConfigurationList = 2691666D28D956210036C284 /* Build configuration list for PBXNativeTarget "add_to_app_test2" */;
			buildPhases = (
				E3350D8A4B5B37C1D81060BE /* [CP] Check Pods Manifest.lock */,
				1D039EE9096D35F22983ED61 /* [CP-User] Run Flutter Build add_to_app_flutter Script */,
				2691665528D956210036C284 /* Sources */,
				2691665628D956210036C284 /* Frameworks */,
				2691665728D956210036C284 /* Resources */,
				3BFC964571680E41FA7BD1F6 /* [CP-User] Embed Flutter Build add_to_app_flutter Script */,
			);
			buildRules = (
			);
			dependencies = (
			);
			name = add_to_app_test2;
			productName = add_to_app_test2;
			productReference = 2691665928D956210036C284 /* add_to_app_test2.app */;
			productType = "com.apple.product-type.application";
		};
/* End PBXNativeTarget section */

/* Begin PBXProject section */
		2691665128D956210036C284 /* Project object */ = {
			isa = PBXProject;
			attributes = {
				BuildIndependentTargetsInParallel = 1;
				LastSwiftUpdateCheck = 1400;
				LastUpgradeCheck = 1400;
				TargetAttributes = {
					2691665828D956210036C284 = {
						CreatedOnToolsVersion = 14.0;
					};
				};
			};
			buildConfigurationList = 2691665428D956210036C284 /* Build configuration list for PBXProject "add_to_app_test2" */;
			compatibilityVersion = "Xcode 14.0";
			developmentRegion = en;
			hasScannedForEncodings = 0;
			knownRegions = (
				en,
				Base,
			);
			mainGroup = 2691665028D956210036C284;
			productRefGroup = 2691665A28D956210036C284 /* Products */;
			projectDirPath = "";
			projectRoot = "";
			targets = (
				2691665828D956210036C284 /* add_to_app_test2 */,
			);
		};
/* End PBXProject section */

/* Begin PBXResourcesBuildPhase section */
		2691665728D956210036C284 /* Resources */ = {
			isa = PBXResourcesBuildPhase;
			buildActionMask = 2147483647;
			files = (
				2691666928D956210036C284 /* LaunchScreen.storyboard in Resources */,
				2691666628D956210036C284 /* Assets.xcassets in Resources */,
				2691666428D956210036C284 /* Main.storyboard in Resources */,
			);
			runOnlyForDeploymentPostprocessing = 0;
		};
/* End PBXResourcesBuildPhase section */

/* Begin PBXShellScriptBuildPhase section */
		1D039EE9096D35F22983ED61 /* [CP-User] Run Flutter Build add_to_app_flutter Script */ = {
			isa = PBXShellScriptBuildPhase;
			buildActionMask = 2147483647;
			files = (
			);
			name = "[CP-User] Run Flutter Build add_to_app_flutter Script";
			runOnlyForDeploymentPostprocessing = 0;
			shellPath = /bin/sh;
			shellScript = "set -e\nset -u\nsource \"${SRCROOT}/../add_to_app_flutter/.ios/Flutter/flutter_export_environment.sh\"\nexport VERBOSE_SCRIPT_LOGGING=1 && \"$FLUTTER_ROOT\"/packages/flutter_tools/bin/xcode_backend.sh build";
		};
		3BFC964571680E41FA7BD1F6 /* [CP-User] Embed Flutter Build add_to_app_flutter Script */ = {
			isa = PBXShellScriptBuildPhase;
			buildActionMask = 2147483647;
			files = (
			);
			name = "[CP-User] Embed Flutter Build add_to_app_flutter Script";
			runOnlyForDeploymentPostprocessing = 0;
			shellPath = /bin/sh;
			shellScript = "set -e\nset -u\nsource \"${SRCROOT}/../add_to_app_flutter/.ios/Flutter/flutter_export_environment.sh\"\nexport VERBOSE_SCRIPT_LOGGING=1 && \"$FLUTTER_ROOT\"/packages/flutter_tools/bin/xcode_backend.sh embed_and_thin";
		};
		E3350D8A4B5B37C1D81060BE /* [CP] Check Pods Manifest.lock */ = {
			isa = PBXShellScriptBuildPhase;
			buildActionMask = 2147483647;
			files = (
			);
			inputFileListPaths = (
			);
			inputPaths = (
				"${PODS_PODFILE_DIR_PATH}/Podfile.lock",
				"${PODS_ROOT}/Manifest.lock",
			);
			name = "[CP] Check Pods Manifest.lock";
			outputFileListPaths = (
			);
			outputPaths = (
				"$(DERIVED_FILE_DIR)/Pods-add_to_app_test2-checkManifestLockResult.txt",
			);
			runOnlyForDeploymentPostprocessing = 0;
			shellPath = /bin/sh;
			shellScript = "diff \"${PODS_PODFILE_DIR_PATH}/Podfile.lock\" \"${PODS_ROOT}/Manifest.lock\" > /dev/null\nif [ $? != 0 ] ; then\n    # print error to STDERR\n    echo \"error: The sandbox is not in sync with the Podfile.lock. Run 'pod install' or update your CocoaPods installation.\" >&2\n    exit 1\nfi\n# This output is used by Xcode 'outputs' to avoid re-running this script phase.\necho \"SUCCESS\" > \"${SCRIPT_OUTPUT_FILE_0}\"\n";
			showEnvVarsInLog = 0;
		};
/* End PBXShellScriptBuildPhase section */

/* Begin PBXSourcesBuildPhase section */
		2691665528D956210036C284 /* Sources */ = {
			isa = PBXSourcesBuildPhase;
			buildActionMask = 2147483647;
			files = (
				2691667728D99AD40036C284 /* api.swift in Sources */,
				2691667928D9AA210036C284 /* Appdelegate+api.swift in Sources */,
				2691666128D956210036C284 /* ViewController.swift in Sources */,
				2691665D28D956210036C284 /* AppDelegate.swift in Sources */,
				2691665F28D956210036C284 /* SceneDelegate.swift in Sources */,
				2691667528D992600036C284 /* NativeViewController.swift in Sources */,
			);
			runOnlyForDeploymentPostprocessing = 0;
		};
/* End PBXSourcesBuildPhase section */

/* Begin PBXVariantGroup section */
		2691666228D956210036C284 /* Main.storyboard */ = {
			isa = PBXVariantGroup;
			children = (
				2691666328D956210036C284 /* Base */,
			);
			name = Main.storyboard;
			sourceTree = "<group>";
		};
		2691666728D956210036C284 /* LaunchScreen.storyboard */ = {
			isa = PBXVariantGroup;
			children = (
				2691666828D956210036C284 /* Base */,
			);
			name = LaunchScreen.storyboard;
			sourceTree = "<group>";
		};
/* End PBXVariantGroup section */

/* Begin XCBuildConfiguration section */
		2691666B28D956210036C284 /* Debug */ = {
			isa = XCBuildConfiguration;
			buildSettings = {
				ALWAYS_SEARCH_USER_PATHS = NO;
				CLANG_ANALYZER_NONNULL = YES;
				CLANG_ANALYZER_NUMBER_OBJECT_CONVERSION = YES_AGGRESSIVE;
				CLANG_CXX_LANGUAGE_STANDARD = "gnu++20";
				CLANG_ENABLE_MODULES = YES;
				CLANG_ENABLE_OBJC_ARC = YES;
				CLANG_ENABLE_OBJC_WEAK = YES;
				CLANG_WARN_BLOCK_CAPTURE_AUTORELEASING = YES;
				CLANG_WARN_BOOL_CONVERSION = YES;
				CLANG_WARN_COMMA = YES;
				CLANG_WARN_CONSTANT_CONVERSION = YES;
				CLANG_WARN_DEPRECATED_OBJC_IMPLEMENTATIONS = YES;
				CLANG_WARN_DIRECT_OBJC_ISA_USAGE = YES_ERROR;
				CLANG_WARN_DOCUMENTATION_COMMENTS = YES;
				CLANG_WARN_EMPTY_BODY = YES;
				CLANG_WARN_ENUM_CONVERSION = YES;
				CLANG_WARN_INFINITE_RECURSION = YES;
				CLANG_WARN_INT_CONVERSION = YES;
				CLANG_WARN_NON_LITERAL_NULL_CONVERSION = YES;
				CLANG_WARN_OBJC_IMPLICIT_RETAIN_SELF = YES;
				CLANG_WARN_OBJC_LITERAL_CONVERSION = YES;
				CLANG_WARN_OBJC_ROOT_CLASS = YES_ERROR;
				CLANG_WARN_QUOTED_INCLUDE_IN_FRAMEWORK_HEADER = YES;
				CLANG_WARN_RANGE_LOOP_ANALYSIS = YES;
				CLANG_WARN_STRICT_PROTOTYPES = YES;
				CLANG_WARN_SUSPICIOUS_MOVE = YES;
				CLANG_WARN_UNGUARDED_AVAILABILITY = YES_AGGRESSIVE;
				CLANG_WARN_UNREACHABLE_CODE = YES;
				CLANG_WARN__DUPLICATE_METHOD_MATCH = YES;
				COPY_PHASE_STRIP = NO;
				DEBUG_INFORMATION_FORMAT = dwarf;
				ENABLE_STRICT_OBJC_MSGSEND = YES;
				ENABLE_TESTABILITY = YES;
				GCC_C_LANGUAGE_STANDARD = gnu11;
				GCC_DYNAMIC_NO_PIC = NO;
				GCC_NO_COMMON_BLOCKS = YES;
				GCC_OPTIMIZATION_LEVEL = 0;
				GCC_PREPROCESSOR_DEFINITIONS = (
					"DEBUG=1",
					"$(inherited)",
				);
				GCC_WARN_64_TO_32_BIT_CONVERSION = YES;
				GCC_WARN_ABOUT_RETURN_TYPE = YES_ERROR;
				GCC_WARN_UNDECLARED_SELECTOR = YES;
				GCC_WARN_UNINITIALIZED_AUTOS = YES_AGGRESSIVE;
				GCC_WARN_UNUSED_FUNCTION = YES;
				GCC_WARN_UNUSED_VARIABLE = YES;
				IPHONEOS_DEPLOYMENT_TARGET = 16.0;
				MTL_ENABLE_DEBUG_INFO = INCLUDE_SOURCE;
				MTL_FAST_MATH = YES;
				ONLY_ACTIVE_ARCH = YES;
				SDKROOT = iphoneos;
				SWIFT_ACTIVE_COMPILATION_CONDITIONS = DEBUG;
				SWIFT_OPTIMIZATION_LEVEL = "-Onone";
			};
			name = Debug;
		};
		2691666C28D956210036C284 /* Release */ = {
			isa = XCBuildConfiguration;
			buildSettings = {
				ALWAYS_SEARCH_USER_PATHS = NO;
				CLANG_ANALYZER_NONNULL = YES;
				CLANG_ANALYZER_NUMBER_OBJECT_CONVERSION = YES_AGGRESSIVE;
				CLANG_CXX_LANGUAGE_STANDARD = "gnu++20";
				CLANG_ENABLE_MODULES = YES;
				CLANG_ENABLE_OBJC_ARC = YES;
				CLANG_ENABLE_OBJC_WEAK = YES;
				CLANG_WARN_BLOCK_CAPTURE_AUTORELEASING = YES;
				CLANG_WARN_BOOL_CONVERSION = YES;
				CLANG_WARN_COMMA = YES;
				CLANG_WARN_CONSTANT_CONVERSION = YES;
				CLANG_WARN_DEPRECATED_OBJC_IMPLEMENTATIONS = YES;
				CLANG_WARN_DIRECT_OBJC_ISA_USAGE = YES_ERROR;
				CLANG_WARN_DOCUMENTATION_COMMENTS = YES;
				CLANG_WARN_EMPTY_BODY = YES;
				CLANG_WARN_ENUM_CONVERSION = YES;
				CLANG_WARN_INFINITE_RECURSION = YES;
				CLANG_WARN_INT_CONVERSION = YES;
				CLANG_WARN_NON_LITERAL_NULL_CONVERSION = YES;
				CLANG_WARN_OBJC_IMPLICIT_RETAIN_SELF = YES;
				CLANG_WARN_OBJC_LITERAL_CONVERSION = YES;
				CLANG_WARN_OBJC_ROOT_CLASS = YES_ERROR;
				CLANG_WARN_QUOTED_INCLUDE_IN_FRAMEWORK_HEADER = YES;
				CLANG_WARN_RANGE_LOOP_ANALYSIS = YES;
				CLANG_WARN_STRICT_PROTOTYPES = YES;
				CLANG_WARN_SUSPICIOUS_MOVE = YES;
				CLANG_WARN_UNGUARDED_AVAILABILITY = YES_AGGRESSIVE;
				CLANG_WARN_UNREACHABLE_CODE = YES;
				CLANG_WARN__DUPLICATE_METHOD_MATCH = YES;
				COPY_PHASE_STRIP = NO;
				DEBUG_INFORMATION_FORMAT = "dwarf-with-dsym";
				ENABLE_NS_ASSERTIONS = NO;
				ENABLE_STRICT_OBJC_MSGSEND = YES;
				GCC_C_LANGUAGE_STANDARD = gnu11;
				GCC_NO_COMMON_BLOCKS = YES;
				GCC_WARN_64_TO_32_BIT_CONVERSION = YES;
				GCC_WARN_ABOUT_RETURN_TYPE = YES_ERROR;
				GCC_WARN_UNDECLARED_SELECTOR = YES;
				GCC_WARN_UNINITIALIZED_AUTOS = YES_AGGRESSIVE;
				GCC_WARN_UNUSED_FUNCTION = YES;
				GCC_WARN_UNUSED_VARIABLE = YES;
				IPHONEOS_DEPLOYMENT_TARGET = 16.0;
				MTL_ENABLE_DEBUG_INFO = NO;
				MTL_FAST_MATH = YES;
				SDKROOT = iphoneos;
				SWIFT_COMPILATION_MODE = wholemodule;
				SWIFT_OPTIMIZATION_LEVEL = "-O";
				VALIDATE_PRODUCT = YES;
			};
			name = Release;
		};
		2691666E28D956210036C284 /* Debug */ = {
			isa = XCBuildConfiguration;
			baseConfigurationReference = BEBD2E7F83EA11EF53CB7318 /* Pods-add_to_app_test2.debug.xcconfig */;
			buildSettings = {
				ASSETCATALOG_COMPILER_APPICON_NAME = AppIcon;
				ASSETCATALOG_COMPILER_GLOBAL_ACCENT_COLOR_NAME = AccentColor;
				CODE_SIGN_STYLE = Automatic;
				CURRENT_PROJECT_VERSION = 1;
				DEVELOPMENT_TEAM = MH2NFFP36U;
				"EXCLUDED_ARCHS[sdk=iphonesimulator*]" = arm64;
				GENERATE_INFOPLIST_FILE = YES;
				INFOPLIST_FILE = "add_to_app_test2/Info-Debug.plist";
				INFOPLIST_KEY_UIApplicationSupportsIndirectInputEvents = YES;
				INFOPLIST_KEY_UILaunchStoryboardName = LaunchScreen;
				INFOPLIST_KEY_UIMainStoryboardFile = Main;
				INFOPLIST_KEY_UISupportedInterfaceOrientations_iPad = "UIInterfaceOrientationPortrait UIInterfaceOrientationPortraitUpsideDown UIInterfaceOrientationLandscapeLeft UIInterfaceOrientationLandscapeRight";
				INFOPLIST_KEY_UISupportedInterfaceOrientations_iPhone = "UIInterfaceOrientationPortrait UIInterfaceOrientationLandscapeLeft UIInterfaceOrientationLandscapeRight";
				LD_RUNPATH_SEARCH_PATHS = (
					"$(inherited)",
					"@executable_path/Frameworks",
				);
				MARKETING_VERSION = 1.0;
				PRODUCT_BUNDLE_IDENTIFIER = "com.xxx.add-to-app-test2";
				PRODUCT_NAME = "$(TARGET_NAME)";
				SWIFT_EMIT_LOC_STRINGS = YES;
				SWIFT_VERSION = 5.0;
				TARGETED_DEVICE_FAMILY = "1,2";
			};
			name = Debug;
		};
		2691666F28D956210036C284 /* Release */ = {
			isa = XCBuildConfiguration;
			baseConfigurationReference = F20AA9588A6D706998E67EA2 /* Pods-add_to_app_test2.release.xcconfig */;
			buildSettings = {
				ASSETCATALOG_COMPILER_APPICON_NAME = AppIcon;
				ASSETCATALOG_COMPILER_GLOBAL_ACCENT_COLOR_NAME = AccentColor;
				CODE_SIGN_STYLE = Automatic;
				CURRENT_PROJECT_VERSION = 1;
				DEVELOPMENT_TEAM = MH2NFFP36U;
				GENERATE_INFOPLIST_FILE = YES;
				INFOPLIST_FILE = "add_to_app_test2/Info-Release.plist";
				INFOPLIST_KEY_UIApplicationSupportsIndirectInputEvents = YES;
				INFOPLIST_KEY_UILaunchStoryboardName = LaunchScreen;
				INFOPLIST_KEY_UIMainStoryboardFile = Main;
				INFOPLIST_KEY_UISupportedInterfaceOrientations_iPad = "UIInterfaceOrientationPortrait UIInterfaceOrientationPortraitUpsideDown UIInterfaceOrientationLandscapeLeft UIInterfaceOrientationLandscapeRight";
				INFOPLIST_KEY_UISupportedInterfaceOrientations_iPhone = "UIInterfaceOrientationPortrait UIInterfaceOrientationLandscapeLeft UIInterfaceOrientationLandscapeRight";
				LD_RUNPATH_SEARCH_PATHS = (
					"$(inherited)",
					"@executable_path/Frameworks",
				);
				MARKETING_VERSION = 1.0;
				PRODUCT_BUNDLE_IDENTIFIER = "com.xxx.add-to-app-test2";
				PRODUCT_NAME = "$(TARGET_NAME)";
				SWIFT_EMIT_LOC_STRINGS = YES;
				SWIFT_VERSION = 5.0;
				TARGETED_DEVICE_FAMILY = "1,2";
			};
			name = Release;
		};
/* End XCBuildConfiguration section */

/* Begin XCConfigurationList section */
		2691665428D956210036C284 /* Build configuration list for PBXProject "add_to_app_test2" */ = {
			isa = XCConfigurationList;
			buildConfigurations = (
				2691666B28D956210036C284 /* Debug */,
				2691666C28D956210036C284 /* Release */,
			);
			defaultConfigurationIsVisible = 0;
			defaultConfigurationName = Release;
		};
		2691666D28D956210036C284 /* Build configuration list for PBXNativeTarget "add_to_app_test2" */ = {
			isa = XCConfigurationList;
			buildConfigurations = (
				2691666E28D956210036C284 /* Debug */,
				2691666F28D956210036C284 /* Release */,
			);
			defaultConfigurationIsVisible = 0;
			defaultConfigurationName = Release;
		};
/* End XCConfigurationList section */
	};
	rootObject = 2691665128D956210036C284 /* Project object */;
}
